// !$*UTF8*$!
{
	archiveVersion = 1;
	classes = {
	};
	objectVersion = 55;
	objects = {

/* Begin PBXBuildFile section */
		650328C6293A25FC00666229 /* SevenSegmentSearch.swift in Sources */ = {isa = PBXBuildFile; fileRef = 650328B1293A25FC00666229 /* SevenSegmentSearch.swift */; };
		650328C7293A25FC00666229 /* LanternfishSimulator.swift in Sources */ = {isa = PBXBuildFile; fileRef = 650328B2293A25FC00666229 /* LanternfishSimulator.swift */; };
		650328C8293A25FC00666229 /* CrabPositioner.swift in Sources */ = {isa = PBXBuildFile; fileRef = 650328B3293A25FC00666229 /* CrabPositioner.swift */; };
		650328C9293A25FC00666229 /* LowPointsFinder.swift in Sources */ = {isa = PBXBuildFile; fileRef = 650328B4293A25FC00666229 /* LowPointsFinder.swift */; };
		650328CA293A25FC00666229 /* Submarine.swift in Sources */ = {isa = PBXBuildFile; fileRef = 650328B5293A25FC00666229 /* Submarine.swift */; };
		650328CB293A25FC00666229 /* SubmarineStatus.swift in Sources */ = {isa = PBXBuildFile; fileRef = 650328B7293A25FC00666229 /* SubmarineStatus.swift */; };
		650328CC293A25FC00666229 /* Point.swift in Sources */ = {isa = PBXBuildFile; fileRef = 650328B8293A25FC00666229 /* Point.swift */; };
		650328CD293A25FC00666229 /* Step.swift in Sources */ = {isa = PBXBuildFile; fileRef = 650328B9293A25FC00666229 /* Step.swift */; };
		650328CE293A25FC00666229 /* Line.swift in Sources */ = {isa = PBXBuildFile; fileRef = 650328BA293A25FC00666229 /* Line.swift */; };
		650328CF293A25FC00666229 /* Position.swift in Sources */ = {isa = PBXBuildFile; fileRef = 650328BB293A25FC00666229 /* Position.swift */; };
		650328D0293A25FC00666229 /* Direction.swift in Sources */ = {isa = PBXBuildFile; fileRef = 650328BC293A25FC00666229 /* Direction.swift */; };
		650328D1293A25FC00666229 /* Bingo.swift in Sources */ = {isa = PBXBuildFile; fileRef = 650328BD293A25FC00666229 /* Bingo.swift */; };
		650328D2293A25FC00666229 /* SyntaxScoring.swift in Sources */ = {isa = PBXBuildFile; fileRef = 650328BF293A25FC00666229 /* SyntaxScoring.swift */; };
		650328D3293A25FC00666229 /* Collection.swift in Sources */ = {isa = PBXBuildFile; fileRef = 650328C2293A25FC00666229 /* Collection.swift */; };
		650328D4293A25FC00666229 /* String.swift in Sources */ = {isa = PBXBuildFile; fileRef = 650328C3293A25FC00666229 /* String.swift */; };
		650328D5293A25FC00666229 /* FileLoader.swift in Sources */ = {isa = PBXBuildFile; fileRef = 650328C5293A25FC00666229 /* FileLoader.swift */; };
		650328D9293A26A200666229 /* task_day1_2022.txt in Resources */ = {isa = PBXBuildFile; fileRef = 650328D8293A26A200666229 /* task_day1_2022.txt */; };
		650328E8293A26F600666229 /* day10.txt in Resources */ = {isa = PBXBuildFile; fileRef = 650328DC293A26F600666229 /* day10.txt */; };
		650328E9293A26F600666229 /* day8.txt in Resources */ = {isa = PBXBuildFile; fileRef = 650328DD293A26F600666229 /* day8.txt */; };
		650328EA293A26F600666229 /* day9.txt in Resources */ = {isa = PBXBuildFile; fileRef = 650328DE293A26F600666229 /* day9.txt */; };
		650328EB293A26F600666229 /* day7.txt in Resources */ = {isa = PBXBuildFile; fileRef = 650328DF293A26F600666229 /* day7.txt */; };
		650328EC293A26F600666229 /* day6.txt in Resources */ = {isa = PBXBuildFile; fileRef = 650328E0293A26F600666229 /* day6.txt */; };
		650328ED293A26F600666229 /* day4.txt in Resources */ = {isa = PBXBuildFile; fileRef = 650328E1293A26F600666229 /* day4.txt */; };
		650328EE293A26F600666229 /* day5.txt in Resources */ = {isa = PBXBuildFile; fileRef = 650328E2293A26F600666229 /* day5.txt */; };
		650328EF293A26F600666229 /* day1.txt in Resources */ = {isa = PBXBuildFile; fileRef = 650328E3293A26F600666229 /* day1.txt */; };
		650328F0293A26F600666229 /* day2.txt in Resources */ = {isa = PBXBuildFile; fileRef = 650328E4293A26F600666229 /* day2.txt */; };
		650328F1293A26F600666229 /* day3.txt in Resources */ = {isa = PBXBuildFile; fileRef = 650328E5293A26F600666229 /* day3.txt */; };
		650328F2293A26F600666229 /* file_loader_test_input.txt in Resources */ = {isa = PBXBuildFile; fileRef = 650328E7293A26F600666229 /* file_loader_test_input.txt */; };
		65032901293A276700666229 /* FileLoaderTests.swift in Sources */ = {isa = PBXBuildFile; fileRef = 650328F4293A276700666229 /* FileLoaderTests.swift */; };
		65032902293A276700666229 /* SubmarineTests.swift in Sources */ = {isa = PBXBuildFile; fileRef = 650328F6293A276700666229 /* SubmarineTests.swift */; };
		65032903293A276700666229 /* LowPointsFinderTests.swift in Sources */ = {isa = PBXBuildFile; fileRef = 650328F7293A276700666229 /* LowPointsFinderTests.swift */; };
		65032904293A276700666229 /* StringConversionTests.swift in Sources */ = {isa = PBXBuildFile; fileRef = 650328F8293A276700666229 /* StringConversionTests.swift */; };
		65032905293A276700666229 /* CrabPositionerTests.swift in Sources */ = {isa = PBXBuildFile; fileRef = 650328F9293A276700666229 /* CrabPositionerTests.swift */; };
		65032906293A276700666229 /* SevenSegmentSearchTests.swift in Sources */ = {isa = PBXBuildFile; fileRef = 650328FA293A276700666229 /* SevenSegmentSearchTests.swift */; };
		65032907293A276700666229 /* LanternfishSimulatorTests.swift in Sources */ = {isa = PBXBuildFile; fileRef = 650328FB293A276700666229 /* LanternfishSimulatorTests.swift */; };
		65032908293A276700666229 /* BingoTests.swift in Sources */ = {isa = PBXBuildFile; fileRef = 650328FC293A276700666229 /* BingoTests.swift */; };
		6503290A293A276700666229 /* SyntaxScoringTests.swift in Sources */ = {isa = PBXBuildFile; fileRef = 650328FF293A276700666229 /* SyntaxScoringTests.swift */; };
		6503290C293A294A00666229 /* input_day1_2022.txt in Resources */ = {isa = PBXBuildFile; fileRef = 6503290B293A294A00666229 /* input_day1_2022.txt */; };
		6503290E293A299100666229 /* Day1Tests.swift in Sources */ = {isa = PBXBuildFile; fileRef = 6503290D293A299100666229 /* Day1Tests.swift */; };
		65032910293A2AD500666229 /* Day1Solution_2022.swift in Sources */ = {isa = PBXBuildFile; fileRef = 6503290F293A2AD500666229 /* Day1Solution_2022.swift */; };
		6525E2DD293BF81E002EC9E6 /* Day3Solution_2022.swift in Sources */ = {isa = PBXBuildFile; fileRef = 6525E2DA293BF81E002EC9E6 /* Day3Solution_2022.swift */; };
		6525E2DE293BF81E002EC9E6 /* input_day3_2022.txt in Resources */ = {isa = PBXBuildFile; fileRef = 6525E2DB293BF81E002EC9E6 /* input_day3_2022.txt */; };
		6525E2DF293BF81E002EC9E6 /* task_day3_2022.txt in Resources */ = {isa = PBXBuildFile; fileRef = 6525E2DC293BF81E002EC9E6 /* task_day3_2022.txt */; };
		6525E2E1293BF89B002EC9E6 /* Day3Tests.swift in Sources */ = {isa = PBXBuildFile; fileRef = 6525E2E0293BF89B002EC9E6 /* Day3Tests.swift */; };
		6595BF24275A996E0002D85C /* AdventApp.swift in Sources */ = {isa = PBXBuildFile; fileRef = 6595BF23275A996E0002D85C /* AdventApp.swift */; };
		6595BF26275A996E0002D85C /* ContentView.swift in Sources */ = {isa = PBXBuildFile; fileRef = 6595BF25275A996E0002D85C /* ContentView.swift */; };
		6595BF28275A99700002D85C /* Assets.xcassets in Resources */ = {isa = PBXBuildFile; fileRef = 6595BF27275A99700002D85C /* Assets.xcassets */; };
		6595BF2B275A99700002D85C /* Preview Assets.xcassets in Resources */ = {isa = PBXBuildFile; fileRef = 6595BF2A275A99700002D85C /* Preview Assets.xcassets */; };
		65FD59D7293A581300D7F48C /* task_day2_2022.txt in Resources */ = {isa = PBXBuildFile; fileRef = 65FD59D6293A581300D7F48C /* task_day2_2022.txt */; };
		65FD59D9293A585500D7F48C /* input_day2_2022.txt in Resources */ = {isa = PBXBuildFile; fileRef = 65FD59D8293A585500D7F48C /* input_day2_2022.txt */; };
		65FD59DB293A589600D7F48C /* Day2Solution_2022.swift in Sources */ = {isa = PBXBuildFile; fileRef = 65FD59DA293A589600D7F48C /* Day2Solution_2022.swift */; };
		65FD59DD293A58BB00D7F48C /* Day2Tests.swift in Sources */ = {isa = PBXBuildFile; fileRef = 65FD59DC293A58BB00D7F48C /* Day2Tests.swift */; };
/* End PBXBuildFile section */

/* Begin PBXContainerItemProxy section */
		6595BF31275A99700002D85C /* PBXContainerItemProxy */ = {
			isa = PBXContainerItemProxy;
			containerPortal = 6595BF18275A996E0002D85C /* Project object */;
			proxyType = 1;
			remoteGlobalIDString = 6595BF1F275A996E0002D85C;
			remoteInfo = Advent;
		};
/* End PBXContainerItemProxy section */

/* Begin PBXFileReference section */
		650328B1293A25FC00666229 /* SevenSegmentSearch.swift */ = {isa = PBXFileReference; fileEncoding = 4; lastKnownFileType = sourcecode.swift; path = SevenSegmentSearch.swift; sourceTree = "<group>"; };
		650328B2293A25FC00666229 /* LanternfishSimulator.swift */ = {isa = PBXFileReference; fileEncoding = 4; lastKnownFileType = sourcecode.swift; path = LanternfishSimulator.swift; sourceTree = "<group>"; };
		650328B3293A25FC00666229 /* CrabPositioner.swift */ = {isa = PBXFileReference; fileEncoding = 4; lastKnownFileType = sourcecode.swift; path = CrabPositioner.swift; sourceTree = "<group>"; };
		650328B4293A25FC00666229 /* LowPointsFinder.swift */ = {isa = PBXFileReference; fileEncoding = 4; lastKnownFileType = sourcecode.swift; path = LowPointsFinder.swift; sourceTree = "<group>"; };
		650328B5293A25FC00666229 /* Submarine.swift */ = {isa = PBXFileReference; fileEncoding = 4; lastKnownFileType = sourcecode.swift; path = Submarine.swift; sourceTree = "<group>"; };
		650328B7293A25FC00666229 /* SubmarineStatus.swift */ = {isa = PBXFileReference; fileEncoding = 4; lastKnownFileType = sourcecode.swift; path = SubmarineStatus.swift; sourceTree = "<group>"; };
		650328B8293A25FC00666229 /* Point.swift */ = {isa = PBXFileReference; fileEncoding = 4; lastKnownFileType = sourcecode.swift; path = Point.swift; sourceTree = "<group>"; };
		650328B9293A25FC00666229 /* Step.swift */ = {isa = PBXFileReference; fileEncoding = 4; lastKnownFileType = sourcecode.swift; path = Step.swift; sourceTree = "<group>"; };
		650328BA293A25FC00666229 /* Line.swift */ = {isa = PBXFileReference; fileEncoding = 4; lastKnownFileType = sourcecode.swift; path = Line.swift; sourceTree = "<group>"; };
		650328BB293A25FC00666229 /* Position.swift */ = {isa = PBXFileReference; fileEncoding = 4; lastKnownFileType = sourcecode.swift; path = Position.swift; sourceTree = "<group>"; };
		650328BC293A25FC00666229 /* Direction.swift */ = {isa = PBXFileReference; fileEncoding = 4; lastKnownFileType = sourcecode.swift; path = Direction.swift; sourceTree = "<group>"; };
		650328BD293A25FC00666229 /* Bingo.swift */ = {isa = PBXFileReference; fileEncoding = 4; lastKnownFileType = sourcecode.swift; path = Bingo.swift; sourceTree = "<group>"; };
		650328BF293A25FC00666229 /* SyntaxScoring.swift */ = {isa = PBXFileReference; fileEncoding = 4; lastKnownFileType = sourcecode.swift; path = SyntaxScoring.swift; sourceTree = "<group>"; };
		650328C2293A25FC00666229 /* Collection.swift */ = {isa = PBXFileReference; fileEncoding = 4; lastKnownFileType = sourcecode.swift; path = Collection.swift; sourceTree = "<group>"; };
		650328C3293A25FC00666229 /* String.swift */ = {isa = PBXFileReference; fileEncoding = 4; lastKnownFileType = sourcecode.swift; path = String.swift; sourceTree = "<group>"; };
		650328C5293A25FC00666229 /* FileLoader.swift */ = {isa = PBXFileReference; fileEncoding = 4; lastKnownFileType = sourcecode.swift; path = FileLoader.swift; sourceTree = "<group>"; };
		650328D8293A26A200666229 /* task_day1_2022.txt */ = {isa = PBXFileReference; lastKnownFileType = text; path = task_day1_2022.txt; sourceTree = "<group>"; };
		650328DC293A26F600666229 /* day10.txt */ = {isa = PBXFileReference; fileEncoding = 4; lastKnownFileType = text; path = day10.txt; sourceTree = "<group>"; };
		650328DD293A26F600666229 /* day8.txt */ = {isa = PBXFileReference; fileEncoding = 4; lastKnownFileType = text; path = day8.txt; sourceTree = "<group>"; };
		650328DE293A26F600666229 /* day9.txt */ = {isa = PBXFileReference; fileEncoding = 4; lastKnownFileType = text; path = day9.txt; sourceTree = "<group>"; };
		650328DF293A26F600666229 /* day7.txt */ = {isa = PBXFileReference; fileEncoding = 4; lastKnownFileType = text; path = day7.txt; sourceTree = "<group>"; };
		650328E0293A26F600666229 /* day6.txt */ = {isa = PBXFileReference; fileEncoding = 4; lastKnownFileType = text; path = day6.txt; sourceTree = "<group>"; };
		650328E1293A26F600666229 /* day4.txt */ = {isa = PBXFileReference; fileEncoding = 4; lastKnownFileType = text; path = day4.txt; sourceTree = "<group>"; };
		650328E2293A26F600666229 /* day5.txt */ = {isa = PBXFileReference; fileEncoding = 4; lastKnownFileType = text; path = day5.txt; sourceTree = "<group>"; };
		650328E3293A26F600666229 /* day1.txt */ = {isa = PBXFileReference; fileEncoding = 4; lastKnownFileType = text; path = day1.txt; sourceTree = "<group>"; };
		650328E4293A26F600666229 /* day2.txt */ = {isa = PBXFileReference; fileEncoding = 4; lastKnownFileType = text; path = day2.txt; sourceTree = "<group>"; };
		650328E5293A26F600666229 /* day3.txt */ = {isa = PBXFileReference; fileEncoding = 4; lastKnownFileType = text; path = day3.txt; sourceTree = "<group>"; };
		650328E7293A26F600666229 /* file_loader_test_input.txt */ = {isa = PBXFileReference; fileEncoding = 4; lastKnownFileType = text; path = file_loader_test_input.txt; sourceTree = "<group>"; };
		650328F4293A276700666229 /* FileLoaderTests.swift */ = {isa = PBXFileReference; fileEncoding = 4; lastKnownFileType = sourcecode.swift; path = FileLoaderTests.swift; sourceTree = "<group>"; };
		650328F6293A276700666229 /* SubmarineTests.swift */ = {isa = PBXFileReference; fileEncoding = 4; lastKnownFileType = sourcecode.swift; path = SubmarineTests.swift; sourceTree = "<group>"; };
		650328F7293A276700666229 /* LowPointsFinderTests.swift */ = {isa = PBXFileReference; fileEncoding = 4; lastKnownFileType = sourcecode.swift; path = LowPointsFinderTests.swift; sourceTree = "<group>"; };
		650328F8293A276700666229 /* StringConversionTests.swift */ = {isa = PBXFileReference; fileEncoding = 4; lastKnownFileType = sourcecode.swift; path = StringConversionTests.swift; sourceTree = "<group>"; };
		650328F9293A276700666229 /* CrabPositionerTests.swift */ = {isa = PBXFileReference; fileEncoding = 4; lastKnownFileType = sourcecode.swift; path = CrabPositionerTests.swift; sourceTree = "<group>"; };
		650328FA293A276700666229 /* SevenSegmentSearchTests.swift */ = {isa = PBXFileReference; fileEncoding = 4; lastKnownFileType = sourcecode.swift; path = SevenSegmentSearchTests.swift; sourceTree = "<group>"; };
		650328FB293A276700666229 /* LanternfishSimulatorTests.swift */ = {isa = PBXFileReference; fileEncoding = 4; lastKnownFileType = sourcecode.swift; path = LanternfishSimulatorTests.swift; sourceTree = "<group>"; };
		650328FC293A276700666229 /* BingoTests.swift */ = {isa = PBXFileReference; fileEncoding = 4; lastKnownFileType = sourcecode.swift; path = BingoTests.swift; sourceTree = "<group>"; };
		650328FF293A276700666229 /* SyntaxScoringTests.swift */ = {isa = PBXFileReference; fileEncoding = 4; lastKnownFileType = sourcecode.swift; path = SyntaxScoringTests.swift; sourceTree = "<group>"; };
		6503290B293A294A00666229 /* input_day1_2022.txt */ = {isa = PBXFileReference; fileEncoding = 4; lastKnownFileType = text; path = input_day1_2022.txt; sourceTree = "<group>"; };
		6503290D293A299100666229 /* Day1Tests.swift */ = {isa = PBXFileReference; fileEncoding = 4; lastKnownFileType = sourcecode.swift; path = Day1Tests.swift; sourceTree = "<group>"; };
		6503290F293A2AD500666229 /* Day1Solution_2022.swift */ = {isa = PBXFileReference; lastKnownFileType = sourcecode.swift; path = Day1Solution_2022.swift; sourceTree = "<group>"; };
		6525E2DA293BF81E002EC9E6 /* Day3Solution_2022.swift */ = {isa = PBXFileReference; fileEncoding = 4; lastKnownFileType = sourcecode.swift; path = Day3Solution_2022.swift; sourceTree = "<group>"; };
		6525E2DB293BF81E002EC9E6 /* input_day3_2022.txt */ = {isa = PBXFileReference; fileEncoding = 4; lastKnownFileType = text; path = input_day3_2022.txt; sourceTree = "<group>"; };
		6525E2DC293BF81E002EC9E6 /* task_day3_2022.txt */ = {isa = PBXFileReference; fileEncoding = 4; lastKnownFileType = text; path = task_day3_2022.txt; sourceTree = "<group>"; };
		6525E2E0293BF89B002EC9E6 /* Day3Tests.swift */ = {isa = PBXFileReference; fileEncoding = 4; lastKnownFileType = sourcecode.swift; path = Day3Tests.swift; sourceTree = "<group>"; };
		6595BF20275A996E0002D85C /* Advent.app */ = {isa = PBXFileReference; explicitFileType = wrapper.application; includeInIndex = 0; path = Advent.app; sourceTree = BUILT_PRODUCTS_DIR; };
		6595BF23275A996E0002D85C /* AdventApp.swift */ = {isa = PBXFileReference; lastKnownFileType = sourcecode.swift; path = AdventApp.swift; sourceTree = "<group>"; };
		6595BF25275A996E0002D85C /* ContentView.swift */ = {isa = PBXFileReference; lastKnownFileType = sourcecode.swift; path = ContentView.swift; sourceTree = "<group>"; };
		6595BF27275A99700002D85C /* Assets.xcassets */ = {isa = PBXFileReference; lastKnownFileType = folder.assetcatalog; path = Assets.xcassets; sourceTree = "<group>"; };
		6595BF2A275A99700002D85C /* Preview Assets.xcassets */ = {isa = PBXFileReference; lastKnownFileType = folder.assetcatalog; path = "Preview Assets.xcassets"; sourceTree = "<group>"; };
		6595BF30275A99700002D85C /* AdventTests.xctest */ = {isa = PBXFileReference; explicitFileType = wrapper.cfbundle; includeInIndex = 0; path = AdventTests.xctest; sourceTree = BUILT_PRODUCTS_DIR; };
		65FD59D6293A581300D7F48C /* task_day2_2022.txt */ = {isa = PBXFileReference; fileEncoding = 4; lastKnownFileType = text; name = task_day2_2022.txt; path = "Advent/Sources/2022/Day 2/task_day2_2022.txt"; sourceTree = SOURCE_ROOT; };
		65FD59D8293A585500D7F48C /* input_day2_2022.txt */ = {isa = PBXFileReference; fileEncoding = 4; lastKnownFileType = text; path = input_day2_2022.txt; sourceTree = "<group>"; };
		65FD59DA293A589600D7F48C /* Day2Solution_2022.swift */ = {isa = PBXFileReference; fileEncoding = 4; lastKnownFileType = sourcecode.swift; path = Day2Solution_2022.swift; sourceTree = "<group>"; };
		65FD59DC293A58BB00D7F48C /* Day2Tests.swift */ = {isa = PBXFileReference; fileEncoding = 4; lastKnownFileType = sourcecode.swift; path = Day2Tests.swift; sourceTree = "<group>"; };
/* End PBXFileReference section */

/* Begin PBXFrameworksBuildPhase section */
		6595BF1D275A996E0002D85C /* Frameworks */ = {
			isa = PBXFrameworksBuildPhase;
			buildActionMask = 2147483647;
			files = (
			);
			runOnlyForDeploymentPostprocessing = 0;
		};
		6595BF2D275A99700002D85C /* Frameworks */ = {
			isa = PBXFrameworksBuildPhase;
			buildActionMask = 2147483647;
			files = (
			);
			runOnlyForDeploymentPostprocessing = 0;
		};
/* End PBXFrameworksBuildPhase section */

/* Begin PBXGroup section */
		650328AE293A25FC00666229 /* Sources */ = {
			isa = PBXGroup;
			children = (
				650328AF293A25FC00666229 /* 2022 */,
				6525E2D9293BF81E002EC9E6 /* Day 3 */,
				650328B0293A25FC00666229 /* 2021 */,
				650328C0293A25FC00666229 /* Common */,
			);
			path = Sources;
			sourceTree = "<group>";
		};
		650328AF293A25FC00666229 /* 2022 */ = {
			isa = PBXGroup;
			children = (
				650328D6293A264100666229 /* Day 1 */,
				65FD59D5293A57F200D7F48C /* Day 2 */,
			);
			path = 2022;
			sourceTree = "<group>";
		};
		650328B0293A25FC00666229 /* 2021 */ = {
			isa = PBXGroup;
			children = (
				650328B1293A25FC00666229 /* SevenSegmentSearch.swift */,
				650328B2293A25FC00666229 /* LanternfishSimulator.swift */,
				650328B3293A25FC00666229 /* CrabPositioner.swift */,
				650328B4293A25FC00666229 /* LowPointsFinder.swift */,
				650328B5293A25FC00666229 /* Submarine.swift */,
				650328B6293A25FC00666229 /* Models */,
				650328BD293A25FC00666229 /* Bingo.swift */,
				650328BE293A25FC00666229 /* Day10 */,
			);
			path = 2021;
			sourceTree = "<group>";
		};
		650328B6293A25FC00666229 /* Models */ = {
			isa = PBXGroup;
			children = (
				650328B7293A25FC00666229 /* SubmarineStatus.swift */,
				650328B8293A25FC00666229 /* Point.swift */,
				650328B9293A25FC00666229 /* Step.swift */,
				650328BA293A25FC00666229 /* Line.swift */,
				650328BB293A25FC00666229 /* Position.swift */,
				650328BC293A25FC00666229 /* Direction.swift */,
			);
			path = Models;
			sourceTree = "<group>";
		};
		650328BE293A25FC00666229 /* Day10 */ = {
			isa = PBXGroup;
			children = (
				650328BF293A25FC00666229 /* SyntaxScoring.swift */,
			);
			path = Day10;
			sourceTree = "<group>";
		};
		650328C0293A25FC00666229 /* Common */ = {
			isa = PBXGroup;
			children = (
				650328C1293A25FC00666229 /* Extensions */,
				650328C4293A25FC00666229 /* Helpers */,
			);
			path = Common;
			sourceTree = "<group>";
		};
		650328C1293A25FC00666229 /* Extensions */ = {
			isa = PBXGroup;
			children = (
				650328C2293A25FC00666229 /* Collection.swift */,
				650328C3293A25FC00666229 /* String.swift */,
			);
			path = Extensions;
			sourceTree = "<group>";
		};
		650328C4293A25FC00666229 /* Helpers */ = {
			isa = PBXGroup;
			children = (
				650328C5293A25FC00666229 /* FileLoader.swift */,
			);
			path = Helpers;
			sourceTree = "<group>";
		};
		650328D6293A264100666229 /* Day 1 */ = {
			isa = PBXGroup;
			children = (
				650328D8293A26A200666229 /* task_day1_2022.txt */,
				6503290B293A294A00666229 /* input_day1_2022.txt */,
				6503290F293A2AD500666229 /* Day1Solution_2022.swift */,
			);
			path = "Day 1";
			sourceTree = "<group>";
		};
		650328DB293A26F600666229 /* 2021 */ = {
			isa = PBXGroup;
			children = (
				650328DC293A26F600666229 /* day10.txt */,
				650328DD293A26F600666229 /* day8.txt */,
				650328DE293A26F600666229 /* day9.txt */,
				650328DF293A26F600666229 /* day7.txt */,
				650328E0293A26F600666229 /* day6.txt */,
				650328E1293A26F600666229 /* day4.txt */,
				650328E2293A26F600666229 /* day5.txt */,
				650328E3293A26F600666229 /* day1.txt */,
				650328E4293A26F600666229 /* day2.txt */,
				650328E5293A26F600666229 /* day3.txt */,
			);
			path = 2021;
			sourceTree = "<group>";
		};
		650328E6293A26F600666229 /* Common */ = {
			isa = PBXGroup;
			children = (
				650328E7293A26F600666229 /* file_loader_test_input.txt */,
			);
			path = Common;
			sourceTree = "<group>";
		};
		650328F3293A276700666229 /* Common */ = {
			isa = PBXGroup;
			children = (
				650328F4293A276700666229 /* FileLoaderTests.swift */,
			);
			path = Common;
			sourceTree = "<group>";
		};
		650328F5293A276700666229 /* 2021 */ = {
			isa = PBXGroup;
			children = (
				650328F6293A276700666229 /* SubmarineTests.swift */,
				650328F7293A276700666229 /* LowPointsFinderTests.swift */,
				650328F8293A276700666229 /* StringConversionTests.swift */,
				650328F9293A276700666229 /* CrabPositionerTests.swift */,
				650328FA293A276700666229 /* SevenSegmentSearchTests.swift */,
				650328FB293A276700666229 /* LanternfishSimulatorTests.swift */,
				650328FC293A276700666229 /* BingoTests.swift */,
				650328FE293A276700666229 /* Day10 */,
			);
			path = 2021;
			sourceTree = "<group>";
		};
		650328FE293A276700666229 /* Day10 */ = {
			isa = PBXGroup;
			children = (
				650328FF293A276700666229 /* SyntaxScoringTests.swift */,
			);
			path = Day10;
			sourceTree = "<group>";
		};
		65032900293A276700666229 /* 2022 */ = {
			isa = PBXGroup;
			children = (
				6503290D293A299100666229 /* Day1Tests.swift */,
				65FD59DC293A58BB00D7F48C /* Day2Tests.swift */,
				6525E2E0293BF89B002EC9E6 /* Day3Tests.swift */,
			);
			path = 2022;
			sourceTree = "<group>";
		};
		6525E2D9293BF81E002EC9E6 /* Day 3 */ = {
			isa = PBXGroup;
			children = (
				6525E2DA293BF81E002EC9E6 /* Day3Solution_2022.swift */,
				6525E2DB293BF81E002EC9E6 /* input_day3_2022.txt */,
				6525E2DC293BF81E002EC9E6 /* task_day3_2022.txt */,
			);
			name = "Day 3";
			path = "2022/Day 3";
			sourceTree = "<group>";
		};
		6595BF17275A996D0002D85C = {
			isa = PBXGroup;
			children = (
				6595BF22275A996E0002D85C /* Advent */,
				6595BF33275A99700002D85C /* AdventTests */,
				6595BF21275A996E0002D85C /* Products */,
			);
			sourceTree = "<group>";
		};
		6595BF21275A996E0002D85C /* Products */ = {
			isa = PBXGroup;
			children = (
				6595BF20275A996E0002D85C /* Advent.app */,
				6595BF30275A99700002D85C /* AdventTests.xctest */,
			);
			name = Products;
			sourceTree = "<group>";
		};
		6595BF22275A996E0002D85C /* Advent */ = {
			isa = PBXGroup;
			children = (
				650328AE293A25FC00666229 /* Sources */,
				6595BF63275A9ADB0002D85C /* Resources */,
				6595BF23275A996E0002D85C /* AdventApp.swift */,
				6595BF25275A996E0002D85C /* ContentView.swift */,
				6595BF27275A99700002D85C /* Assets.xcassets */,
				6595BF29275A99700002D85C /* Preview Content */,
			);
			path = Advent;
			sourceTree = "<group>";
		};
		6595BF29275A99700002D85C /* Preview Content */ = {
			isa = PBXGroup;
			children = (
				6595BF2A275A99700002D85C /* Preview Assets.xcassets */,
			);
			path = "Preview Content";
			sourceTree = "<group>";
		};
		6595BF33275A99700002D85C /* AdventTests */ = {
			isa = PBXGroup;
			children = (
				65032900293A276700666229 /* 2022 */,
				650328F5293A276700666229 /* 2021 */,
				650328F3293A276700666229 /* Common */,
			);
			path = AdventTests;
			sourceTree = "<group>";
		};
		6595BF63275A9ADB0002D85C /* Resources */ = {
			isa = PBXGroup;
			children = (
				650328DB293A26F600666229 /* 2021 */,
				650328E6293A26F600666229 /* Common */,
			);
			path = Resources;
			sourceTree = "<group>";
		};
		65FD59D5293A57F200D7F48C /* Day 2 */ = {
			isa = PBXGroup;
			children = (
				65FD59D6293A581300D7F48C /* task_day2_2022.txt */,
				65FD59D8293A585500D7F48C /* input_day2_2022.txt */,
				65FD59DA293A589600D7F48C /* Day2Solution_2022.swift */,
			);
			path = "Day 2";
			sourceTree = "<group>";
		};
/* End PBXGroup section */

/* Begin PBXNativeTarget section */
		6595BF1F275A996E0002D85C /* Advent */ = {
			isa = PBXNativeTarget;
			buildConfigurationList = 6595BF44275A99700002D85C /* Build configuration list for PBXNativeTarget "Advent" */;
			buildPhases = (
				6595BF1C275A996E0002D85C /* Sources */,
				6595BF1D275A996E0002D85C /* Frameworks */,
				6595BF1E275A996E0002D85C /* Resources */,
			);
			buildRules = (
			);
			dependencies = (
			);
			name = Advent;
			productName = Advent;
			productReference = 6595BF20275A996E0002D85C /* Advent.app */;
			productType = "com.apple.product-type.application";
		};
		6595BF2F275A99700002D85C /* AdventTests */ = {
			isa = PBXNativeTarget;
			buildConfigurationList = 6595BF47275A99700002D85C /* Build configuration list for PBXNativeTarget "AdventTests" */;
			buildPhases = (
				6595BF2C275A99700002D85C /* Sources */,
				6595BF2D275A99700002D85C /* Frameworks */,
				6595BF2E275A99700002D85C /* Resources */,
			);
			buildRules = (
			);
			dependencies = (
				6595BF32275A99700002D85C /* PBXTargetDependency */,
			);
			name = AdventTests;
			productName = AdventTests;
			productReference = 6595BF30275A99700002D85C /* AdventTests.xctest */;
			productType = "com.apple.product-type.bundle.unit-test";
		};
/* End PBXNativeTarget section */

/* Begin PBXProject section */
		6595BF18275A996E0002D85C /* Project object */ = {
			isa = PBXProject;
			attributes = {
				BuildIndependentTargetsInParallel = 1;
				LastSwiftUpdateCheck = 1310;
				LastUpgradeCheck = 1310;
				TargetAttributes = {
					6595BF1F275A996E0002D85C = {
						CreatedOnToolsVersion = 13.1;
					};
					6595BF2F275A99700002D85C = {
						CreatedOnToolsVersion = 13.1;
						TestTargetID = 6595BF1F275A996E0002D85C;
					};
				};
			};
			buildConfigurationList = 6595BF1B275A996E0002D85C /* Build configuration list for PBXProject "Advent" */;
			compatibilityVersion = "Xcode 13.0";
			developmentRegion = en;
			hasScannedForEncodings = 0;
			knownRegions = (
				en,
				Base,
			);
			mainGroup = 6595BF17275A996D0002D85C;
			productRefGroup = 6595BF21275A996E0002D85C /* Products */;
			projectDirPath = "";
			projectRoot = "";
			targets = (
				6595BF1F275A996E0002D85C /* Advent */,
				6595BF2F275A99700002D85C /* AdventTests */,
			);
		};
/* End PBXProject section */

/* Begin PBXResourcesBuildPhase section */
		6595BF1E275A996E0002D85C /* Resources */ = {
			isa = PBXResourcesBuildPhase;
			buildActionMask = 2147483647;
			files = (
				650328EB293A26F600666229 /* day7.txt in Resources */,
				650328D9293A26A200666229 /* task_day1_2022.txt in Resources */,
				650328EC293A26F600666229 /* day6.txt in Resources */,
				6525E2DE293BF81E002EC9E6 /* input_day3_2022.txt in Resources */,
				650328EA293A26F600666229 /* day9.txt in Resources */,
				650328F2293A26F600666229 /* file_loader_test_input.txt in Resources */,
				6595BF2B275A99700002D85C /* Preview Assets.xcassets in Resources */,
				650328F1293A26F600666229 /* day3.txt in Resources */,
				650328E8293A26F600666229 /* day10.txt in Resources */,
				6525E2DF293BF81E002EC9E6 /* task_day3_2022.txt in Resources */,
				6595BF28275A99700002D85C /* Assets.xcassets in Resources */,
				65FD59D7293A581300D7F48C /* task_day2_2022.txt in Resources */,
				650328ED293A26F600666229 /* day4.txt in Resources */,
				650328EF293A26F600666229 /* day1.txt in Resources */,
				6503290C293A294A00666229 /* input_day1_2022.txt in Resources */,
				650328E9293A26F600666229 /* day8.txt in Resources */,
				650328F0293A26F600666229 /* day2.txt in Resources */,
				650328EE293A26F600666229 /* day5.txt in Resources */,
				65FD59D9293A585500D7F48C /* input_day2_2022.txt in Resources */,
			);
			runOnlyForDeploymentPostprocessing = 0;
		};
		6595BF2E275A99700002D85C /* Resources */ = {
			isa = PBXResourcesBuildPhase;
			buildActionMask = 2147483647;
			files = (
			);
			runOnlyForDeploymentPostprocessing = 0;
		};
/* End PBXResourcesBuildPhase section */

/* Begin PBXSourcesBuildPhase section */
		6595BF1C275A996E0002D85C /* Sources */ = {
			isa = PBXSourcesBuildPhase;
			buildActionMask = 2147483647;
			files = (
				6595BF26275A996E0002D85C /* ContentView.swift in Sources */,
				650328CA293A25FC00666229 /* Submarine.swift in Sources */,
				650328CF293A25FC00666229 /* Position.swift in Sources */,
				650328CB293A25FC00666229 /* SubmarineStatus.swift in Sources */,
				650328C8293A25FC00666229 /* CrabPositioner.swift in Sources */,
				650328C6293A25FC00666229 /* SevenSegmentSearch.swift in Sources */,
				650328D5293A25FC00666229 /* FileLoader.swift in Sources */,
				650328CC293A25FC00666229 /* Point.swift in Sources */,
				650328D3293A25FC00666229 /* Collection.swift in Sources */,
				65032910293A2AD500666229 /* Day1Solution_2022.swift in Sources */,
				650328D1293A25FC00666229 /* Bingo.swift in Sources */,
				6595BF24275A996E0002D85C /* AdventApp.swift in Sources */,
				65FD59DB293A589600D7F48C /* Day2Solution_2022.swift in Sources */,
				6525E2DD293BF81E002EC9E6 /* Day3Solution_2022.swift in Sources */,
				650328CD293A25FC00666229 /* Step.swift in Sources */,
				650328D2293A25FC00666229 /* SyntaxScoring.swift in Sources */,
				650328C7293A25FC00666229 /* LanternfishSimulator.swift in Sources */,
				650328CE293A25FC00666229 /* Line.swift in Sources */,
				650328D4293A25FC00666229 /* String.swift in Sources */,
				650328C9293A25FC00666229 /* LowPointsFinder.swift in Sources */,
				650328D0293A25FC00666229 /* Direction.swift in Sources */,
			);
			runOnlyForDeploymentPostprocessing = 0;
		};
		6595BF2C275A99700002D85C /* Sources */ = {
			isa = PBXSourcesBuildPhase;
			buildActionMask = 2147483647;
			files = (
				65032902293A276700666229 /* SubmarineTests.swift in Sources */,
				65032903293A276700666229 /* LowPointsFinderTests.swift in Sources */,
				6525E2E1293BF89B002EC9E6 /* Day3Tests.swift in Sources */,
				6503290A293A276700666229 /* SyntaxScoringTests.swift in Sources */,
				65FD59DD293A58BB00D7F48C /* Day2Tests.swift in Sources */,
				65032907293A276700666229 /* LanternfishSimulatorTests.swift in Sources */,
				65032905293A276700666229 /* CrabPositionerTests.swift in Sources */,
				6503290E293A299100666229 /* Day1Tests.swift in Sources */,
				65032906293A276700666229 /* SevenSegmentSearchTests.swift in Sources */,
				65032908293A276700666229 /* BingoTests.swift in Sources */,
				65032904293A276700666229 /* StringConversionTests.swift in Sources */,
				65032901293A276700666229 /* FileLoaderTests.swift in Sources */,
			);
			runOnlyForDeploymentPostprocessing = 0;
		};
/* End PBXSourcesBuildPhase section */

/* Begin PBXTargetDependency section */
		6595BF32275A99700002D85C /* PBXTargetDependency */ = {
			isa = PBXTargetDependency;
			target = 6595BF1F275A996E0002D85C /* Advent */;
			targetProxy = 6595BF31275A99700002D85C /* PBXContainerItemProxy */;
		};
/* End PBXTargetDependency section */

/* Begin XCBuildConfiguration section */
		6595BF42275A99700002D85C /* Debug */ = {
			isa = XCBuildConfiguration;
			buildSettings = {
				ALWAYS_SEARCH_USER_PATHS = NO;
				CLANG_ANALYZER_NONNULL = YES;
				CLANG_ANALYZER_NUMBER_OBJECT_CONVERSION = YES_AGGRESSIVE;
				CLANG_CXX_LANGUAGE_STANDARD = "gnu++17";
				CLANG_CXX_LIBRARY = "libc++";
				CLANG_ENABLE_MODULES = YES;
				CLANG_ENABLE_OBJC_ARC = YES;
				CLANG_ENABLE_OBJC_WEAK = YES;
				CLANG_WARN_BLOCK_CAPTURE_AUTORELEASING = YES;
				CLANG_WARN_BOOL_CONVERSION = YES;
				CLANG_WARN_COMMA = YES;
				CLANG_WARN_CONSTANT_CONVERSION = YES;
				CLANG_WARN_DEPRECATED_OBJC_IMPLEMENTATIONS = YES;
				CLANG_WARN_DIRECT_OBJC_ISA_USAGE = YES_ERROR;
				CLANG_WARN_DOCUMENTATION_COMMENTS = YES;
				CLANG_WARN_EMPTY_BODY = YES;
				CLANG_WARN_ENUM_CONVERSION = YES;
				CLANG_WARN_INFINITE_RECURSION = YES;
				CLANG_WARN_INT_CONVERSION = YES;
				CLANG_WARN_NON_LITERAL_NULL_CONVERSION = YES;
				CLANG_WARN_OBJC_IMPLICIT_RETAIN_SELF = YES;
				CLANG_WARN_OBJC_LITERAL_CONVERSION = YES;
				CLANG_WARN_OBJC_ROOT_CLASS = YES_ERROR;
				CLANG_WARN_QUOTED_INCLUDE_IN_FRAMEWORK_HEADER = YES;
				CLANG_WARN_RANGE_LOOP_ANALYSIS = YES;
				CLANG_WARN_STRICT_PROTOTYPES = YES;
				CLANG_WARN_SUSPICIOUS_MOVE = YES;
				CLANG_WARN_UNGUARDED_AVAILABILITY = YES_AGGRESSIVE;
				CLANG_WARN_UNREACHABLE_CODE = YES;
				CLANG_WARN__DUPLICATE_METHOD_MATCH = YES;
				COPY_PHASE_STRIP = NO;
				DEBUG_INFORMATION_FORMAT = dwarf;
				ENABLE_STRICT_OBJC_MSGSEND = YES;
				ENABLE_TESTABILITY = YES;
				GCC_C_LANGUAGE_STANDARD = gnu11;
				GCC_DYNAMIC_NO_PIC = NO;
				GCC_NO_COMMON_BLOCKS = YES;
				GCC_OPTIMIZATION_LEVEL = 0;
				GCC_PREPROCESSOR_DEFINITIONS = (
					"DEBUG=1",
					"$(inherited)",
				);
				GCC_WARN_64_TO_32_BIT_CONVERSION = YES;
				GCC_WARN_ABOUT_RETURN_TYPE = YES_ERROR;
				GCC_WARN_UNDECLARED_SELECTOR = YES;
				GCC_WARN_UNINITIALIZED_AUTOS = YES_AGGRESSIVE;
				GCC_WARN_UNUSED_FUNCTION = YES;
				GCC_WARN_UNUSED_VARIABLE = YES;
				IPHONEOS_DEPLOYMENT_TARGET = 15.0;
				MTL_ENABLE_DEBUG_INFO = INCLUDE_SOURCE;
				MTL_FAST_MATH = YES;
				ONLY_ACTIVE_ARCH = YES;
				SDKROOT = iphoneos;
				SWIFT_ACTIVE_COMPILATION_CONDITIONS = DEBUG;
				SWIFT_OPTIMIZATION_LEVEL = "-Onone";
			};
			name = Debug;
		};
		6595BF43275A99700002D85C /* Release */ = {
			isa = XCBuildConfiguration;
			buildSettings = {
				ALWAYS_SEARCH_USER_PATHS = NO;
				CLANG_ANALYZER_NONNULL = YES;
				CLANG_ANALYZER_NUMBER_OBJECT_CONVERSION = YES_AGGRESSIVE;
				CLANG_CXX_LANGUAGE_STANDARD = "gnu++17";
				CLANG_CXX_LIBRARY = "libc++";
				CLANG_ENABLE_MODULES = YES;
				CLANG_ENABLE_OBJC_ARC = YES;
				CLANG_ENABLE_OBJC_WEAK = YES;
				CLANG_WARN_BLOCK_CAPTURE_AUTORELEASING = YES;
				CLANG_WARN_BOOL_CONVERSION = YES;
				CLANG_WARN_COMMA = YES;
				CLANG_WARN_CONSTANT_CONVERSION = YES;
				CLANG_WARN_DEPRECATED_OBJC_IMPLEMENTATIONS = YES;
				CLANG_WARN_DIRECT_OBJC_ISA_USAGE = YES_ERROR;
				CLANG_WARN_DOCUMENTATION_COMMENTS = YES;
				CLANG_WARN_EMPTY_BODY = YES;
				CLANG_WARN_ENUM_CONVERSION = YES;
				CLANG_WARN_INFINITE_RECURSION = YES;
				CLANG_WARN_INT_CONVERSION = YES;
				CLANG_WARN_NON_LITERAL_NULL_CONVERSION = YES;
				CLANG_WARN_OBJC_IMPLICIT_RETAIN_SELF = YES;
				CLANG_WARN_OBJC_LITERAL_CONVERSION = YES;
				CLANG_WARN_OBJC_ROOT_CLASS = YES_ERROR;
				CLANG_WARN_QUOTED_INCLUDE_IN_FRAMEWORK_HEADER = YES;
				CLANG_WARN_RANGE_LOOP_ANALYSIS = YES;
				CLANG_WARN_STRICT_PROTOTYPES = YES;
				CLANG_WARN_SUSPICIOUS_MOVE = YES;
				CLANG_WARN_UNGUARDED_AVAILABILITY = YES_AGGRESSIVE;
				CLANG_WARN_UNREACHABLE_CODE = YES;
				CLANG_WARN__DUPLICATE_METHOD_MATCH = YES;
				COPY_PHASE_STRIP = NO;
				DEBUG_INFORMATION_FORMAT = "dwarf-with-dsym";
				ENABLE_NS_ASSERTIONS = NO;
				ENABLE_STRICT_OBJC_MSGSEND = YES;
				GCC_C_LANGUAGE_STANDARD = gnu11;
				GCC_NO_COMMON_BLOCKS = YES;
				GCC_WARN_64_TO_32_BIT_CONVERSION = YES;
				GCC_WARN_ABOUT_RETURN_TYPE = YES_ERROR;
				GCC_WARN_UNDECLARED_SELECTOR = YES;
				GCC_WARN_UNINITIALIZED_AUTOS = YES_AGGRESSIVE;
				GCC_WARN_UNUSED_FUNCTION = YES;
				GCC_WARN_UNUSED_VARIABLE = YES;
				IPHONEOS_DEPLOYMENT_TARGET = 15.0;
				MTL_ENABLE_DEBUG_INFO = NO;
				MTL_FAST_MATH = YES;
				SDKROOT = iphoneos;
				SWIFT_COMPILATION_MODE = wholemodule;
				SWIFT_OPTIMIZATION_LEVEL = "-O";
				VALIDATE_PRODUCT = YES;
			};
			name = Release;
		};
		6595BF45275A99700002D85C /* Debug */ = {
			isa = XCBuildConfiguration;
			buildSettings = {
				ASSETCATALOG_COMPILER_APPICON_NAME = AppIcon;
				ASSETCATALOG_COMPILER_GLOBAL_ACCENT_COLOR_NAME = AccentColor;
				CODE_SIGN_STYLE = Automatic;
				CURRENT_PROJECT_VERSION = 1;
				DEVELOPMENT_ASSET_PATHS = "\"Advent/Preview Content\"";
				DEVELOPMENT_TEAM = 5E5UZ78K96;
				ENABLE_PREVIEWS = YES;
				GENERATE_INFOPLIST_FILE = YES;
				INFOPLIST_KEY_UIApplicationSceneManifest_Generation = YES;
				INFOPLIST_KEY_UIApplicationSupportsIndirectInputEvents = YES;
				INFOPLIST_KEY_UILaunchScreen_Generation = YES;
				INFOPLIST_KEY_UISupportedInterfaceOrientations_iPad = "UIInterfaceOrientationPortrait UIInterfaceOrientationPortraitUpsideDown UIInterfaceOrientationLandscapeLeft UIInterfaceOrientationLandscapeRight";
				INFOPLIST_KEY_UISupportedInterfaceOrientations_iPhone = "UIInterfaceOrientationPortrait UIInterfaceOrientationLandscapeLeft UIInterfaceOrientationLandscapeRight";
				INSTALL_OWNER = severeduck;
				LD_RUNPATH_SEARCH_PATHS = (
					"$(inherited)",
					"@executable_path/Frameworks",
				);
				MARKETING_VERSION = 1.0;
				PRODUCT_BUNDLE_IDENTIFIER = severeduck.Advent;
				PRODUCT_NAME = "$(TARGET_NAME)";
				SWIFT_EMIT_LOC_STRINGS = YES;
				SWIFT_VERSION = 5.0;
				TARGETED_DEVICE_FAMILY = "1,2";
			};
			name = Debug;
		};
		6595BF46275A99700002D85C /* Release */ = {
			isa = XCBuildConfiguration;
			buildSettings = {
				ASSETCATALOG_COMPILER_APPICON_NAME = AppIcon;
				ASSETCATALOG_COMPILER_GLOBAL_ACCENT_COLOR_NAME = AccentColor;
				CODE_SIGN_STYLE = Automatic;
				CURRENT_PROJECT_VERSION = 1;
				DEVELOPMENT_ASSET_PATHS = "\"Advent/Preview Content\"";
				DEVELOPMENT_TEAM = 5E5UZ78K96;
				ENABLE_PREVIEWS = YES;
				GENERATE_INFOPLIST_FILE = YES;
				INFOPLIST_KEY_UIApplicationSceneManifest_Generation = YES;
				INFOPLIST_KEY_UIApplicationSupportsIndirectInputEvents = YES;
				INFOPLIST_KEY_UILaunchScreen_Generation = YES;
				INFOPLIST_KEY_UISupportedInterfaceOrientations_iPad = "UIInterfaceOrientationPortrait UIInterfaceOrientationPortraitUpsideDown UIInterfaceOrientationLandscapeLeft UIInterfaceOrientationLandscapeRight";
				INFOPLIST_KEY_UISupportedInterfaceOrientations_iPhone = "UIInterfaceOrientationPortrait UIInterfaceOrientationLandscapeLeft UIInterfaceOrientationLandscapeRight";
				INSTALL_OWNER = severeduck;
				LD_RUNPATH_SEARCH_PATHS = (
					"$(inherited)",
					"@executable_path/Frameworks",
				);
				MARKETING_VERSION = 1.0;
				PRODUCT_BUNDLE_IDENTIFIER = severeduck.Advent;
				PRODUCT_NAME = "$(TARGET_NAME)";
				SWIFT_EMIT_LOC_STRINGS = YES;
				SWIFT_VERSION = 5.0;
				TARGETED_DEVICE_FAMILY = "1,2";
			};
			name = Release;
		};
		6595BF48275A99700002D85C /* Debug */ = {
			isa = XCBuildConfiguration;
			buildSettings = {
				ALWAYS_EMBED_SWIFT_STANDARD_LIBRARIES = YES;
				BUNDLE_LOADER = "$(TEST_HOST)";
				CODE_SIGN_STYLE = Automatic;
				CURRENT_PROJECT_VERSION = 1;
				DEVELOPMENT_TEAM = 5E5UZ78K96;
				GENERATE_INFOPLIST_FILE = YES;
				IPHONEOS_DEPLOYMENT_TARGET = 15.0;
				LD_RUNPATH_SEARCH_PATHS = (
					"$(inherited)",
					"@executable_path/Frameworks",
					"@loader_path/Frameworks",
				);
				MARKETING_VERSION = 1.0;
				PRODUCT_BUNDLE_IDENTIFIER = severeduck.AdventTests;
				PRODUCT_NAME = "$(TARGET_NAME)";
				SWIFT_EMIT_LOC_STRINGS = NO;
				SWIFT_VERSION = 5.0;
				TARGETED_DEVICE_FAMILY = "1,2";
				TEST_HOST = "$(BUILT_PRODUCTS_DIR)/Advent.app/Advent";
			};
			name = Debug;
		};
		6595BF49275A99700002D85C /* Release */ = {
			isa = XCBuildConfiguration;
			buildSettings = {
				ALWAYS_EMBED_SWIFT_STANDARD_LIBRARIES = YES;
				BUNDLE_LOADER = "$(TEST_HOST)";
				CODE_SIGN_STYLE = Automatic;
				CURRENT_PROJECT_VERSION = 1;
				DEVELOPMENT_TEAM = 5E5UZ78K96;
				GENERATE_INFOPLIST_FILE = YES;
				IPHONEOS_DEPLOYMENT_TARGET = 15.0;
				LD_RUNPATH_SEARCH_PATHS = (
					"$(inherited)",
					"@executable_path/Frameworks",
					"@loader_path/Frameworks",
				);
				MARKETING_VERSION = 1.0;
				PRODUCT_BUNDLE_IDENTIFIER = severeduck.AdventTests;
				PRODUCT_NAME = "$(TARGET_NAME)";
				SWIFT_EMIT_LOC_STRINGS = NO;
				SWIFT_VERSION = 5.0;
				TARGETED_DEVICE_FAMILY = "1,2";
				TEST_HOST = "$(BUILT_PRODUCTS_DIR)/Advent.app/Advent";
			};
			name = Release;
		};
/* End XCBuildConfiguration section */

/* Begin XCConfigurationList section */
		6595BF1B275A996E0002D85C /* Build configuration list for PBXProject "Advent" */ = {
			isa = XCConfigurationList;
			buildConfigurations = (
				6595BF42275A99700002D85C /* Debug */,
				6595BF43275A99700002D85C /* Release */,
			);
			defaultConfigurationIsVisible = 0;
			defaultConfigurationName = Release;
		};
		6595BF44275A99700002D85C /* Build configuration list for PBXNativeTarget "Advent" */ = {
			isa = XCConfigurationList;
			buildConfigurations = (
				6595BF45275A99700002D85C /* Debug */,
				6595BF46275A99700002D85C /* Release */,
			);
			defaultConfigurationIsVisible = 0;
			defaultConfigurationName = Release;
		};
		6595BF47275A99700002D85C /* Build configuration list for PBXNativeTarget "AdventTests" */ = {
			isa = XCConfigurationList;
			buildConfigurations = (
				6595BF48275A99700002D85C /* Debug */,
				6595BF49275A99700002D85C /* Release */,
			);
			defaultConfigurationIsVisible = 0;
			defaultConfigurationName = Release;
		};
/* End XCConfigurationList section */
	};
	rootObject = 6595BF18275A996E0002D85C /* Project object */;
}
